
Microsoft Visual Studio Solution File, Format Version 12.00
# Visual Studio 15
VisualStudioVersion = 15.0.27130.2036
MinimumVisualStudioVersion = 10.0.40219.1
Project("{FAE04EC0-301F-11D3-BF4B-00C04F79EFBC}") = "SegundoParcial-LJ-2015-0944", "SegundoParcial-LJ-2015-0944\SegundoParcial-LJ-2015-0944.csproj", "{6AEA4F40-7FF3-45D1-BA40-0538BE28D0DB}"
EndProject
Global
	GlobalSection(SolutionConfigurationPlatforms) = preSolution
		Debug|Any CPU = Debug|Any CPU
		Release|Any CPU = Release|Any CPU
	EndGlobalSection
	GlobalSection(ProjectConfigurationPlatforms) = postSolution
		{6AEA4F40-7FF3-45D1-BA40-0538BE28D0DB}.Debug|Any CPU.ActiveCfg = Debug|Any CPU
		{6AEA4F40-7FF3-45D1-BA40-0538BE28D0DB}.Debug|Any CPU.Build.0 = Debug|Any CPU
		{6AEA4F40-7FF3-45D1-BA40-0538BE28D0DB}.Release|Any CPU.ActiveCfg = Release|Any CPU
		{6AEA4F40-7FF3-45D1-BA40-0538BE28D0DB}.Release|Any CPU.Build.0 = Release|Any CPU
	EndGlobalSection
	GlobalSection(SolutionProperties) = preSolution
		HideSolutionNode = FALSE
	EndGlobalSection
	GlobalSection(ExtensibilityGlobals) = postSolution
		SolutionGuid = {39919AEE-FF9B-4801-9F6D-70AF4EDFA836}
	EndGlobalSection
EndGlobal
